// !$*UTF8*$!
{
	archiveVersion = 1;
	classes = {
	};
	objectVersion = 56;
	objects = {

/* Begin PBXBuildFile section */
		8A808E7D2A24E6D700D1D011 /* AppDelegate.swift in Sources */ = {isa = PBXBuildFile; fileRef = 8A808E7C2A24E6D700D1D011 /* AppDelegate.swift */; };
		8A808E812A24E6D700D1D011 /* ImageGenerationViewController.swift in Sources */ = {isa = PBXBuildFile; fileRef = 8A808E802A24E6D700D1D011 /* ImageGenerationViewController.swift */; };
		8A808E872A24E6D700D1D011 /* image_generator.xcdatamodeld in Sources */ = {isa = PBXBuildFile; fileRef = 8A808E852A24E6D700D1D011 /* image_generator.xcdatamodeld */; };
		8A808E892A24E6D800D1D011 /* Assets.xcassets in Resources */ = {isa = PBXBuildFile; fileRef = 8A808E882A24E6D800D1D011 /* Assets.xcassets */; };
		8A808E8C2A24E6D800D1D011 /* LaunchScreen.storyboard in Resources */ = {isa = PBXBuildFile; fileRef = 8A808E8A2A24E6D800D1D011 /* LaunchScreen.storyboard */; };
		8A808EB42A24E9E000D1D011 /* ImageGenerationPresenter.swift in Sources */ = {isa = PBXBuildFile; fileRef = 8A808EB32A24E9E000D1D011 /* ImageGenerationPresenter.swift */; };
		8A808EB62A24EE0A00D1D011 /* ImageGenerationView.swift in Sources */ = {isa = PBXBuildFile; fileRef = 8A808EB52A24EE0A00D1D011 /* ImageGenerationView.swift */; };
		8A808EC02A24F05B00D1D011 /* UIView+Extension.swift in Sources */ = {isa = PBXBuildFile; fileRef = 8A808EBF2A24F05B00D1D011 /* UIView+Extension.swift */; };
		8A808EC32A24F0AC00D1D011 /* Colors.swift in Sources */ = {isa = PBXBuildFile; fileRef = 8A808EC22A24F0AC00D1D011 /* Colors.swift */; };
		8A808ECE2A24FEC900D1D011 /* MainButtonTableViewCell.swift in Sources */ = {isa = PBXBuildFile; fileRef = 8A808ECD2A24FEC900D1D011 /* MainButtonTableViewCell.swift */; };
		8A808ED02A2500C000D1D011 /* UITableViewCell+ReuseID.swift in Sources */ = {isa = PBXBuildFile; fileRef = 8A808ECF2A2500C000D1D011 /* UITableViewCell+ReuseID.swift */; };
		8A808ED32A25079900D1D011 /* ConfigurableItem.swift in Sources */ = {isa = PBXBuildFile; fileRef = 8A808ED22A25079900D1D011 /* ConfigurableItem.swift */; };
		8A808ED92A250A8800D1D011 /* ImageGenerationAssembly.swift in Sources */ = {isa = PBXBuildFile; fileRef = 8A808ED82A250A8800D1D011 /* ImageGenerationAssembly.swift */; };
		8A808EDB2A250B3500D1D011 /* ImageGenerationCoordinator.swift in Sources */ = {isa = PBXBuildFile; fileRef = 8A808EDA2A250B3500D1D011 /* ImageGenerationCoordinator.swift */; };
		8A808EE62A251F6300D1D011 /* TableCellModel.swift in Sources */ = {isa = PBXBuildFile; fileRef = 8A808EE52A251F6300D1D011 /* TableCellModel.swift */; };
		8A808EEA2A25204C00D1D011 /* TableViewCell.swift in Sources */ = {isa = PBXBuildFile; fileRef = 8A808EE92A25204C00D1D011 /* TableViewCell.swift */; };
		8A808EEC2A25225600D1D011 /* TextFieldTableViewCell.swift in Sources */ = {isa = PBXBuildFile; fileRef = 8A808EEB2A25225600D1D011 /* TextFieldTableViewCell.swift */; };
		8A808EF12A252E6600D1D011 /* ImageTableViewCell.swift in Sources */ = {isa = PBXBuildFile; fileRef = 8A808EF02A252E6500D1D011 /* ImageTableViewCell.swift */; };
		8A808EF32A2533CA00D1D011 /* ImageGenerationRequest.swift in Sources */ = {isa = PBXBuildFile; fileRef = 8A808EF22A2533CA00D1D011 /* ImageGenerationRequest.swift */; };
		8A808EF52A2533EC00D1D011 /* Request.swift in Sources */ = {isa = PBXBuildFile; fileRef = 8A808EF42A2533EC00D1D011 /* Request.swift */; };
		8A808EF82A25350200D1D011 /* GenerateImageRequestProcessor.swift in Sources */ = {isa = PBXBuildFile; fileRef = 8A808EF72A25350200D1D011 /* GenerateImageRequestProcessor.swift */; };
		8A808EFA2A25356A00D1D011 /* NetworkError.swift in Sources */ = {isa = PBXBuildFile; fileRef = 8A808EF92A25356A00D1D011 /* NetworkError.swift */; };
		8A808F022A254D0400D1D011 /* ImageGenerationService.swift in Sources */ = {isa = PBXBuildFile; fileRef = 8A808F012A254D0400D1D011 /* ImageGenerationService.swift */; };
		8A808F0C2A2617BC00D1D011 /* GeneratedImageModel.swift in Sources */ = {isa = PBXBuildFile; fileRef = 8A808F0B2A2617BC00D1D011 /* GeneratedImageModel.swift */; };
		8A808F122A261B0F00D1D011 /* FavoriteImagesCoordinator.swift in Sources */ = {isa = PBXBuildFile; fileRef = 8A808F112A261B0F00D1D011 /* FavoriteImagesCoordinator.swift */; };
		8A808F142A261B4B00D1D011 /* FavoriteImagesAssembly.swift in Sources */ = {isa = PBXBuildFile; fileRef = 8A808F132A261B4B00D1D011 /* FavoriteImagesAssembly.swift */; };
		8A808F182A261BDD00D1D011 /* FavoriteImagesView.swift in Sources */ = {isa = PBXBuildFile; fileRef = 8A808F172A261BDD00D1D011 /* FavoriteImagesView.swift */; };
		8A808F1A2A261BE200D1D011 /* FavoriteImagesViewController.swift in Sources */ = {isa = PBXBuildFile; fileRef = 8A808F192A261BE200D1D011 /* FavoriteImagesViewController.swift */; };
		8A808F1C2A261BEA00D1D011 /* FavoriteImagesPresenter.swift in Sources */ = {isa = PBXBuildFile; fileRef = 8A808F1B2A261BEA00D1D011 /* FavoriteImagesPresenter.swift */; };
		8A808F242A26211800D1D011 /* GeneratedImage+CoreDataClass.swift in Sources */ = {isa = PBXBuildFile; fileRef = 8A808F222A26211800D1D011 /* GeneratedImage+CoreDataClass.swift */; };
		8A808F252A26211800D1D011 /* GeneratedImage+CoreDataProperties.swift in Sources */ = {isa = PBXBuildFile; fileRef = 8A808F232A26211800D1D011 /* GeneratedImage+CoreDataProperties.swift */; };
		8A808F2C2A263D4800D1D011 /* LocalStorageError.swift in Sources */ = {isa = PBXBuildFile; fileRef = 8A808F2B2A263D4800D1D011 /* LocalStorageError.swift */; };
		8A808F302A263F5D00D1D011 /* GeneratedImagesLocalService.swift in Sources */ = {isa = PBXBuildFile; fileRef = 8A808F2F2A263F5D00D1D011 /* GeneratedImagesLocalService.swift */; };
		8A808F342A264DB200D1D011 /* MainTabbarController.swift in Sources */ = {isa = PBXBuildFile; fileRef = 8A808F332A264DB200D1D011 /* MainTabbarController.swift */; };
		8A808F362A264E8800D1D011 /* CustomTabbar.swift in Sources */ = {isa = PBXBuildFile; fileRef = 8A808F352A264E8800D1D011 /* CustomTabbar.swift */; };
		8A808F3C2A268EC200D1D011 /* FavoriteImagesControllerMock.swift in Sources */ = {isa = PBXBuildFile; fileRef = 8A808F3B2A268EC200D1D011 /* FavoriteImagesControllerMock.swift */; };
		8A808F3E2A26927F00D1D011 /* FavoritePresenterTests.swift in Sources */ = {isa = PBXBuildFile; fileRef = 8A808F3D2A26927F00D1D011 /* FavoritePresenterTests.swift */; };
		8A808F402A2692EF00D1D011 /* GeneratedImagesServiceMock.swift in Sources */ = {isa = PBXBuildFile; fileRef = 8A808F3F2A2692EF00D1D011 /* GeneratedImagesServiceMock.swift */; };
		8A808F432A26A69900D1D011 /* MainButtonTableViewCellUITests.swift in Sources */ = {isa = PBXBuildFile; fileRef = 8A808F422A26A69900D1D011 /* MainButtonTableViewCellUITests.swift */; };
/* End PBXBuildFile section */

/* Begin PBXContainerItemProxy section */
		8A808E932A24E6D800D1D011 /* PBXContainerItemProxy */ = {
			isa = PBXContainerItemProxy;
			containerPortal = 8A808E712A24E6D700D1D011 /* Project object */;
			proxyType = 1;
			remoteGlobalIDString = 8A808E782A24E6D700D1D011;
			remoteInfo = "image-generator";
		};
		8A808E9D2A24E6D800D1D011 /* PBXContainerItemProxy */ = {
			isa = PBXContainerItemProxy;
			containerPortal = 8A808E712A24E6D700D1D011 /* Project object */;
			proxyType = 1;
			remoteGlobalIDString = 8A808E782A24E6D700D1D011;
			remoteInfo = "image-generator";
		};
/* End PBXContainerItemProxy section */

/* Begin PBXFileReference section */
		8A808E792A24E6D700D1D011 /* image-generator.app */ = {isa = PBXFileReference; explicitFileType = wrapper.application; includeInIndex = 0; path = "image-generator.app"; sourceTree = BUILT_PRODUCTS_DIR; };
		8A808E7C2A24E6D700D1D011 /* AppDelegate.swift */ = {isa = PBXFileReference; lastKnownFileType = sourcecode.swift; path = AppDelegate.swift; sourceTree = "<group>"; };
		8A808E802A24E6D700D1D011 /* ImageGenerationViewController.swift */ = {isa = PBXFileReference; lastKnownFileType = sourcecode.swift; path = ImageGenerationViewController.swift; sourceTree = "<group>"; };
		8A808E862A24E6D700D1D011 /* image_generator.xcdatamodel */ = {isa = PBXFileReference; lastKnownFileType = wrapper.xcdatamodel; path = image_generator.xcdatamodel; sourceTree = "<group>"; };
		8A808E882A24E6D800D1D011 /* Assets.xcassets */ = {isa = PBXFileReference; lastKnownFileType = folder.assetcatalog; path = Assets.xcassets; sourceTree = "<group>"; };
		8A808E8B2A24E6D800D1D011 /* Base */ = {isa = PBXFileReference; lastKnownFileType = file.storyboard; name = Base; path = Base.lproj/LaunchScreen.storyboard; sourceTree = "<group>"; };
		8A808E8D2A24E6D800D1D011 /* Info.plist */ = {isa = PBXFileReference; lastKnownFileType = text.plist.xml; path = Info.plist; sourceTree = "<group>"; };
		8A808E922A24E6D800D1D011 /* image-generatorTests.xctest */ = {isa = PBXFileReference; explicitFileType = wrapper.cfbundle; includeInIndex = 0; path = "image-generatorTests.xctest"; sourceTree = BUILT_PRODUCTS_DIR; };
		8A808E9C2A24E6D800D1D011 /* image-generatorUITests.xctest */ = {isa = PBXFileReference; explicitFileType = wrapper.cfbundle; includeInIndex = 0; path = "image-generatorUITests.xctest"; sourceTree = BUILT_PRODUCTS_DIR; };
		8A808EB32A24E9E000D1D011 /* ImageGenerationPresenter.swift */ = {isa = PBXFileReference; lastKnownFileType = sourcecode.swift; path = ImageGenerationPresenter.swift; sourceTree = "<group>"; };
		8A808EB52A24EE0A00D1D011 /* ImageGenerationView.swift */ = {isa = PBXFileReference; lastKnownFileType = sourcecode.swift; path = ImageGenerationView.swift; sourceTree = "<group>"; };
		8A808EBF2A24F05B00D1D011 /* UIView+Extension.swift */ = {isa = PBXFileReference; lastKnownFileType = sourcecode.swift; path = "UIView+Extension.swift"; sourceTree = "<group>"; };
		8A808EC22A24F0AC00D1D011 /* Colors.swift */ = {isa = PBXFileReference; lastKnownFileType = sourcecode.swift; path = Colors.swift; sourceTree = "<group>"; };
		8A808ECD2A24FEC900D1D011 /* MainButtonTableViewCell.swift */ = {isa = PBXFileReference; lastKnownFileType = sourcecode.swift; path = MainButtonTableViewCell.swift; sourceTree = "<group>"; };
		8A808ECF2A2500C000D1D011 /* UITableViewCell+ReuseID.swift */ = {isa = PBXFileReference; lastKnownFileType = sourcecode.swift; path = "UITableViewCell+ReuseID.swift"; sourceTree = "<group>"; };
		8A808ED22A25079900D1D011 /* ConfigurableItem.swift */ = {isa = PBXFileReference; lastKnownFileType = sourcecode.swift; path = ConfigurableItem.swift; sourceTree = "<group>"; };
		8A808ED82A250A8800D1D011 /* ImageGenerationAssembly.swift */ = {isa = PBXFileReference; lastKnownFileType = sourcecode.swift; path = ImageGenerationAssembly.swift; sourceTree = "<group>"; };
		8A808EDA2A250B3500D1D011 /* ImageGenerationCoordinator.swift */ = {isa = PBXFileReference; lastKnownFileType = sourcecode.swift; path = ImageGenerationCoordinator.swift; sourceTree = "<group>"; };
		8A808EE52A251F6300D1D011 /* TableCellModel.swift */ = {isa = PBXFileReference; lastKnownFileType = sourcecode.swift; path = TableCellModel.swift; sourceTree = "<group>"; };
		8A808EE92A25204C00D1D011 /* TableViewCell.swift */ = {isa = PBXFileReference; lastKnownFileType = sourcecode.swift; path = TableViewCell.swift; sourceTree = "<group>"; };
		8A808EEB2A25225600D1D011 /* TextFieldTableViewCell.swift */ = {isa = PBXFileReference; lastKnownFileType = sourcecode.swift; path = TextFieldTableViewCell.swift; sourceTree = "<group>"; };
		8A808EF02A252E6500D1D011 /* ImageTableViewCell.swift */ = {isa = PBXFileReference; lastKnownFileType = sourcecode.swift; path = ImageTableViewCell.swift; sourceTree = "<group>"; };
		8A808EF22A2533CA00D1D011 /* ImageGenerationRequest.swift */ = {isa = PBXFileReference; lastKnownFileType = sourcecode.swift; path = ImageGenerationRequest.swift; sourceTree = "<group>"; };
		8A808EF42A2533EC00D1D011 /* Request.swift */ = {isa = PBXFileReference; lastKnownFileType = sourcecode.swift; path = Request.swift; sourceTree = "<group>"; };
		8A808EF72A25350200D1D011 /* GenerateImageRequestProcessor.swift */ = {isa = PBXFileReference; lastKnownFileType = sourcecode.swift; path = GenerateImageRequestProcessor.swift; sourceTree = "<group>"; };
		8A808EF92A25356A00D1D011 /* NetworkError.swift */ = {isa = PBXFileReference; lastKnownFileType = sourcecode.swift; path = NetworkError.swift; sourceTree = "<group>"; };
		8A808F012A254D0400D1D011 /* ImageGenerationService.swift */ = {isa = PBXFileReference; lastKnownFileType = sourcecode.swift; path = ImageGenerationService.swift; sourceTree = "<group>"; };
		8A808F0B2A2617BC00D1D011 /* GeneratedImageModel.swift */ = {isa = PBXFileReference; lastKnownFileType = sourcecode.swift; path = GeneratedImageModel.swift; sourceTree = "<group>"; };
		8A808F112A261B0F00D1D011 /* FavoriteImagesCoordinator.swift */ = {isa = PBXFileReference; lastKnownFileType = sourcecode.swift; path = FavoriteImagesCoordinator.swift; sourceTree = "<group>"; };
		8A808F132A261B4B00D1D011 /* FavoriteImagesAssembly.swift */ = {isa = PBXFileReference; lastKnownFileType = sourcecode.swift; path = FavoriteImagesAssembly.swift; sourceTree = "<group>"; };
		8A808F172A261BDD00D1D011 /* FavoriteImagesView.swift */ = {isa = PBXFileReference; lastKnownFileType = sourcecode.swift; path = FavoriteImagesView.swift; sourceTree = "<group>"; };
		8A808F192A261BE200D1D011 /* FavoriteImagesViewController.swift */ = {isa = PBXFileReference; lastKnownFileType = sourcecode.swift; path = FavoriteImagesViewController.swift; sourceTree = "<group>"; };
		8A808F1B2A261BEA00D1D011 /* FavoriteImagesPresenter.swift */ = {isa = PBXFileReference; lastKnownFileType = sourcecode.swift; path = FavoriteImagesPresenter.swift; sourceTree = "<group>"; };
		8A808F222A26211800D1D011 /* GeneratedImage+CoreDataClass.swift */ = {isa = PBXFileReference; lastKnownFileType = sourcecode.swift; path = "GeneratedImage+CoreDataClass.swift"; sourceTree = "<group>"; };
		8A808F232A26211800D1D011 /* GeneratedImage+CoreDataProperties.swift */ = {isa = PBXFileReference; lastKnownFileType = sourcecode.swift; path = "GeneratedImage+CoreDataProperties.swift"; sourceTree = "<group>"; };
		8A808F2B2A263D4800D1D011 /* LocalStorageError.swift */ = {isa = PBXFileReference; lastKnownFileType = sourcecode.swift; path = LocalStorageError.swift; sourceTree = "<group>"; };
		8A808F2F2A263F5D00D1D011 /* GeneratedImagesLocalService.swift */ = {isa = PBXFileReference; lastKnownFileType = sourcecode.swift; path = GeneratedImagesLocalService.swift; sourceTree = "<group>"; };
		8A808F332A264DB200D1D011 /* MainTabbarController.swift */ = {isa = PBXFileReference; lastKnownFileType = sourcecode.swift; path = MainTabbarController.swift; sourceTree = "<group>"; };
		8A808F352A264E8800D1D011 /* CustomTabbar.swift */ = {isa = PBXFileReference; lastKnownFileType = sourcecode.swift; path = CustomTabbar.swift; sourceTree = "<group>"; };
		8A808F3B2A268EC200D1D011 /* FavoriteImagesControllerMock.swift */ = {isa = PBXFileReference; lastKnownFileType = sourcecode.swift; path = FavoriteImagesControllerMock.swift; sourceTree = "<group>"; };
		8A808F3D2A26927F00D1D011 /* FavoritePresenterTests.swift */ = {isa = PBXFileReference; lastKnownFileType = sourcecode.swift; path = FavoritePresenterTests.swift; sourceTree = "<group>"; };
		8A808F3F2A2692EF00D1D011 /* GeneratedImagesServiceMock.swift */ = {isa = PBXFileReference; lastKnownFileType = sourcecode.swift; path = GeneratedImagesServiceMock.swift; sourceTree = "<group>"; };
		8A808F422A26A69900D1D011 /* MainButtonTableViewCellUITests.swift */ = {isa = PBXFileReference; lastKnownFileType = sourcecode.swift; path = MainButtonTableViewCellUITests.swift; sourceTree = "<group>"; };
		8A808F442A26A88500D1D011 /* image-generatorUITests-Bridging-Header.h */ = {isa = PBXFileReference; fileEncoding = 4; lastKnownFileType = sourcecode.c.h; path = "image-generatorUITests-Bridging-Header.h"; sourceTree = "<group>"; };
/* End PBXFileReference section */

/* Begin PBXFrameworksBuildPhase section */
		8A808E762A24E6D700D1D011 /* Frameworks */ = {
			isa = PBXFrameworksBuildPhase;
			buildActionMask = 2147483647;
			files = (
			);
			runOnlyForDeploymentPostprocessing = 0;
		};
		8A808E8F2A24E6D800D1D011 /* Frameworks */ = {
			isa = PBXFrameworksBuildPhase;
			buildActionMask = 2147483647;
			files = (
			);
			runOnlyForDeploymentPostprocessing = 0;
		};
		8A808E992A24E6D800D1D011 /* Frameworks */ = {
			isa = PBXFrameworksBuildPhase;
			buildActionMask = 2147483647;
			files = (
			);
			runOnlyForDeploymentPostprocessing = 0;
		};
/* End PBXFrameworksBuildPhase section */

/* Begin PBXGroup section */
		8A808E702A24E6D700D1D011 = {
			isa = PBXGroup;
			children = (
				8A808E7B2A24E6D700D1D011 /* image-generator */,
				8A808E952A24E6D800D1D011 /* image-generatorTests */,
				8A808E9F2A24E6D800D1D011 /* image-generatorUITests */,
				8A808E7A2A24E6D700D1D011 /* Products */,
			);
			sourceTree = "<group>";
		};
		8A808E7A2A24E6D700D1D011 /* Products */ = {
			isa = PBXGroup;
			children = (
				8A808E792A24E6D700D1D011 /* image-generator.app */,
				8A808E922A24E6D800D1D011 /* image-generatorTests.xctest */,
				8A808E9C2A24E6D800D1D011 /* image-generatorUITests.xctest */,
			);
			name = Products;
			sourceTree = "<group>";
		};
		8A808E7B2A24E6D700D1D011 /* image-generator */ = {
			isa = PBXGroup;
			children = (
				8A808EB72A24EE7B00D1D011 /* Core */,
				8A808EAF2A24E87800D1D011 /* Modules */,
				8A808E7C2A24E6D700D1D011 /* AppDelegate.swift */,
				8A808E882A24E6D800D1D011 /* Assets.xcassets */,
				8A808E8A2A24E6D800D1D011 /* LaunchScreen.storyboard */,
				8A808E8D2A24E6D800D1D011 /* Info.plist */,
			);
			path = "image-generator";
			sourceTree = "<group>";
		};
		8A808E952A24E6D800D1D011 /* image-generatorTests */ = {
			isa = PBXGroup;
			children = (
				8A808F3D2A26927F00D1D011 /* FavoritePresenterTests.swift */,
				8A808F392A268EA800D1D011 /* Mocks */,
			);
			path = "image-generatorTests";
			sourceTree = "<group>";
		};
		8A808E9F2A24E6D800D1D011 /* image-generatorUITests */ = {
			isa = PBXGroup;
			children = (
				8A808F442A26A88500D1D011 /* image-generatorUITests-Bridging-Header.h */,
				8A808F422A26A69900D1D011 /* MainButtonTableViewCellUITests.swift */,
			);
			path = "image-generatorUITests";
			sourceTree = "<group>";
		};
		8A808EAF2A24E87800D1D011 /* Modules */ = {
			isa = PBXGroup;
			children = (
				8A808F0D2A261A6B00D1D011 /* FavoriteImages */,
				8A808EB02A24E87F00D1D011 /* ImageGenerationInput */,
			);
			path = Modules;
			sourceTree = "<group>";
		};
		8A808EB02A24E87F00D1D011 /* ImageGenerationInput */ = {
			isa = PBXGroup;
			children = (
				8A808EDA2A250B3500D1D011 /* ImageGenerationCoordinator.swift */,
				8A808ED82A250A8800D1D011 /* ImageGenerationAssembly.swift */,
				8A808ED62A250A7000D1D011 /* Screen */,
				8A808EED2A252C0900D1D011 /* Services */,
				8A808F0A2A2617AD00D1D011 /* Models */,
			);
			path = ImageGenerationInput;
			sourceTree = "<group>";
		};
		8A808EB72A24EE7B00D1D011 /* Core */ = {
			isa = PBXGroup;
			children = (
				8A808F212A26200400D1D011 /* LocalStorage */,
				8A808EF62A2534FC00D1D011 /* Services */,
				8A808ED12A25079000D1D011 /* Base */,
				8A808ECB2A24FDD600D1D011 /* ReusableUI */,
				8A808EC12A24F0A700D1D011 /* Style */,
				8A808EBE2A24F05100D1D011 /* Extensions */,
			);
			path = Core;
			sourceTree = "<group>";
		};
		8A808EBE2A24F05100D1D011 /* Extensions */ = {
			isa = PBXGroup;
			children = (
				8A808EBF2A24F05B00D1D011 /* UIView+Extension.swift */,
				8A808ECF2A2500C000D1D011 /* UITableViewCell+ReuseID.swift */,
			);
			path = Extensions;
			sourceTree = "<group>";
		};
		8A808EC12A24F0A700D1D011 /* Style */ = {
			isa = PBXGroup;
			children = (
				8A808EC22A24F0AC00D1D011 /* Colors.swift */,
			);
			path = Style;
			sourceTree = "<group>";
		};
		8A808ECB2A24FDD600D1D011 /* ReusableUI */ = {
			isa = PBXGroup;
			children = (
				8A808ECC2A24FDE700D1D011 /* Cells */,
			);
			path = ReusableUI;
			sourceTree = "<group>";
		};
		8A808ECC2A24FDE700D1D011 /* Cells */ = {
			isa = PBXGroup;
			children = (
				8A808ECD2A24FEC900D1D011 /* MainButtonTableViewCell.swift */,
				8A808EEB2A25225600D1D011 /* TextFieldTableViewCell.swift */,
				8A808EF02A252E6500D1D011 /* ImageTableViewCell.swift */,
			);
			path = Cells;
			sourceTree = "<group>";
		};
		8A808ED12A25079000D1D011 /* Base */ = {
			isa = PBXGroup;
			children = (
				8A808F322A264DA700D1D011 /* MainTabbarController */,
				8A808EE92A25204C00D1D011 /* TableViewCell.swift */,
				8A808EF42A2533EC00D1D011 /* Request.swift */,
				8A808ED22A25079900D1D011 /* ConfigurableItem.swift */,
				8A808EE52A251F6300D1D011 /* TableCellModel.swift */,
			);
			path = Base;
			sourceTree = "<group>";
		};
		8A808ED62A250A7000D1D011 /* Screen */ = {
			isa = PBXGroup;
			children = (
				8A808EB32A24E9E000D1D011 /* ImageGenerationPresenter.swift */,
				8A808E802A24E6D700D1D011 /* ImageGenerationViewController.swift */,
				8A808EB52A24EE0A00D1D011 /* ImageGenerationView.swift */,
			);
			path = Screen;
			sourceTree = "<group>";
		};
		8A808EED2A252C0900D1D011 /* Services */ = {
			isa = PBXGroup;
			children = (
				8A808F012A254D0400D1D011 /* ImageGenerationService.swift */,
				8A808EFB2A253C4800D1D011 /* Requests */,
			);
			path = Services;
			sourceTree = "<group>";
		};
		8A808EF62A2534FC00D1D011 /* Services */ = {
			isa = PBXGroup;
			children = (
				8A808EF72A25350200D1D011 /* GenerateImageRequestProcessor.swift */,
				8A808EF92A25356A00D1D011 /* NetworkError.swift */,
			);
			path = Services;
			sourceTree = "<group>";
		};
		8A808EFB2A253C4800D1D011 /* Requests */ = {
			isa = PBXGroup;
			children = (
				8A808EF22A2533CA00D1D011 /* ImageGenerationRequest.swift */,
			);
			path = Requests;
			sourceTree = "<group>";
		};
		8A808F0A2A2617AD00D1D011 /* Models */ = {
			isa = PBXGroup;
			children = (
				8A808F0B2A2617BC00D1D011 /* GeneratedImageModel.swift */,
			);
			path = Models;
			sourceTree = "<group>";
		};
		8A808F0D2A261A6B00D1D011 /* FavoriteImages */ = {
			isa = PBXGroup;
			children = (
				8A808F112A261B0F00D1D011 /* FavoriteImagesCoordinator.swift */,
				8A808F132A261B4B00D1D011 /* FavoriteImagesAssembly.swift */,
				8A808F152A261B9900D1D011 /* Screen */,
			);
			path = FavoriteImages;
			sourceTree = "<group>";
		};
		8A808F152A261B9900D1D011 /* Screen */ = {
			isa = PBXGroup;
			children = (
				8A808F1B2A261BEA00D1D011 /* FavoriteImagesPresenter.swift */,
				8A808F192A261BE200D1D011 /* FavoriteImagesViewController.swift */,
				8A808F172A261BDD00D1D011 /* FavoriteImagesView.swift */,
			);
			path = Screen;
			sourceTree = "<group>";
		};
		8A808F212A26200400D1D011 /* LocalStorage */ = {
			isa = PBXGroup;
			children = (
				8A808F2B2A263D4800D1D011 /* LocalStorageError.swift */,
				8A808F312A2641CE00D1D011 /* GeneratedImagesService */,
				8A808F282A26213400D1D011 /* Database */,
				8A808F262A26211F00D1D011 /* Entities */,
			);
			path = LocalStorage;
			sourceTree = "<group>";
		};
		8A808F262A26211F00D1D011 /* Entities */ = {
			isa = PBXGroup;
			children = (
				8A808F272A26212700D1D011 /* GeneratedImage */,
			);
			path = Entities;
			sourceTree = "<group>";
		};
		8A808F272A26212700D1D011 /* GeneratedImage */ = {
			isa = PBXGroup;
			children = (
				8A808F222A26211800D1D011 /* GeneratedImage+CoreDataClass.swift */,
				8A808F232A26211800D1D011 /* GeneratedImage+CoreDataProperties.swift */,
			);
			path = GeneratedImage;
			sourceTree = "<group>";
		};
		8A808F282A26213400D1D011 /* Database */ = {
			isa = PBXGroup;
			children = (
				8A808E852A24E6D700D1D011 /* image_generator.xcdatamodeld */,
			);
			path = Database;
			sourceTree = "<group>";
		};
		8A808F312A2641CE00D1D011 /* GeneratedImagesService */ = {
			isa = PBXGroup;
			children = (
				8A808F2F2A263F5D00D1D011 /* GeneratedImagesLocalService.swift */,
			);
			path = GeneratedImagesService;
			sourceTree = "<group>";
		};
		8A808F322A264DA700D1D011 /* MainTabbarController */ = {
			isa = PBXGroup;
			children = (
				8A808F332A264DB200D1D011 /* MainTabbarController.swift */,
				8A808F352A264E8800D1D011 /* CustomTabbar.swift */,
			);
			path = MainTabbarController;
			sourceTree = "<group>";
		};
		8A808F392A268EA800D1D011 /* Mocks */ = {
			isa = PBXGroup;
			children = (
				8A808F3B2A268EC200D1D011 /* FavoriteImagesControllerMock.swift */,
				8A808F3F2A2692EF00D1D011 /* GeneratedImagesServiceMock.swift */,
			);
			path = Mocks;
			sourceTree = "<group>";
		};
/* End PBXGroup section */

/* Begin PBXNativeTarget section */
		8A808E782A24E6D700D1D011 /* image-generator */ = {
			isa = PBXNativeTarget;
			buildConfigurationList = 8A808EA62A24E6D800D1D011 /* Build configuration list for PBXNativeTarget "image-generator" */;
			buildPhases = (
				8A808E752A24E6D700D1D011 /* Sources */,
				8A808E762A24E6D700D1D011 /* Frameworks */,
				8A808E772A24E6D700D1D011 /* Resources */,
			);
			buildRules = (
			);
			dependencies = (
			);
			name = "image-generator";
			productName = "image-generator";
			productReference = 8A808E792A24E6D700D1D011 /* image-generator.app */;
			productType = "com.apple.product-type.application";
		};
		8A808E912A24E6D800D1D011 /* image-generatorTests */ = {
			isa = PBXNativeTarget;
			buildConfigurationList = 8A808EA92A24E6D800D1D011 /* Build configuration list for PBXNativeTarget "image-generatorTests" */;
			buildPhases = (
				8A808E8E2A24E6D800D1D011 /* Sources */,
				8A808E8F2A24E6D800D1D011 /* Frameworks */,
				8A808E902A24E6D800D1D011 /* Resources */,
			);
			buildRules = (
			);
			dependencies = (
				8A808E942A24E6D800D1D011 /* PBXTargetDependency */,
			);
			name = "image-generatorTests";
			productName = "image-generatorTests";
			productReference = 8A808E922A24E6D800D1D011 /* image-generatorTests.xctest */;
			productType = "com.apple.product-type.bundle.unit-test";
		};
		8A808E9B2A24E6D800D1D011 /* image-generatorUITests */ = {
			isa = PBXNativeTarget;
			buildConfigurationList = 8A808EAC2A24E6D800D1D011 /* Build configuration list for PBXNativeTarget "image-generatorUITests" */;
			buildPhases = (
				8A808E982A24E6D800D1D011 /* Sources */,
				8A808E992A24E6D800D1D011 /* Frameworks */,
				8A808E9A2A24E6D800D1D011 /* Resources */,
			);
			buildRules = (
			);
			dependencies = (
				8A808E9E2A24E6D800D1D011 /* PBXTargetDependency */,
			);
			name = "image-generatorUITests";
			productName = "image-generatorUITests";
			productReference = 8A808E9C2A24E6D800D1D011 /* image-generatorUITests.xctest */;
			productType = "com.apple.product-type.bundle.ui-testing";
		};
/* End PBXNativeTarget section */

/* Begin PBXProject section */
		8A808E712A24E6D700D1D011 /* Project object */ = {
			isa = PBXProject;
			attributes = {
				BuildIndependentTargetsInParallel = 1;
				LastSwiftUpdateCheck = 1410;
				LastUpgradeCheck = 1410;
				TargetAttributes = {
					8A808E782A24E6D700D1D011 = {
						CreatedOnToolsVersion = 14.1;
					};
					8A808E912A24E6D800D1D011 = {
						CreatedOnToolsVersion = 14.1;
						TestTargetID = 8A808E782A24E6D700D1D011;
					};
					8A808E9B2A24E6D800D1D011 = {
						CreatedOnToolsVersion = 14.1;
						LastSwiftMigration = 1410;
						TestTargetID = 8A808E782A24E6D700D1D011;
					};
				};
			};
			buildConfigurationList = 8A808E742A24E6D700D1D011 /* Build configuration list for PBXProject "image-generator" */;
			compatibilityVersion = "Xcode 14.0";
			developmentRegion = en;
			hasScannedForEncodings = 0;
			knownRegions = (
				en,
				Base,
			);
			mainGroup = 8A808E702A24E6D700D1D011;
			productRefGroup = 8A808E7A2A24E6D700D1D011 /* Products */;
			projectDirPath = "";
			projectRoot = "";
			targets = (
				8A808E782A24E6D700D1D011 /* image-generator */,
				8A808E912A24E6D800D1D011 /* image-generatorTests */,
				8A808E9B2A24E6D800D1D011 /* image-generatorUITests */,
			);
		};
/* End PBXProject section */

/* Begin PBXResourcesBuildPhase section */
		8A808E772A24E6D700D1D011 /* Resources */ = {
			isa = PBXResourcesBuildPhase;
			buildActionMask = 2147483647;
			files = (
				8A808E8C2A24E6D800D1D011 /* LaunchScreen.storyboard in Resources */,
				8A808E892A24E6D800D1D011 /* Assets.xcassets in Resources */,
			);
			runOnlyForDeploymentPostprocessing = 0;
		};
		8A808E902A24E6D800D1D011 /* Resources */ = {
			isa = PBXResourcesBuildPhase;
			buildActionMask = 2147483647;
			files = (
			);
			runOnlyForDeploymentPostprocessing = 0;
		};
		8A808E9A2A24E6D800D1D011 /* Resources */ = {
			isa = PBXResourcesBuildPhase;
			buildActionMask = 2147483647;
			files = (
			);
			runOnlyForDeploymentPostprocessing = 0;
		};
/* End PBXResourcesBuildPhase section */

/* Begin PBXSourcesBuildPhase section */
		8A808E752A24E6D700D1D011 /* Sources */ = {
			isa = PBXSourcesBuildPhase;
			buildActionMask = 2147483647;
			files = (
				8A808F342A264DB200D1D011 /* MainTabbarController.swift in Sources */,
				8A808F302A263F5D00D1D011 /* GeneratedImagesLocalService.swift in Sources */,
				8A808EEC2A25225600D1D011 /* TextFieldTableViewCell.swift in Sources */,
				8A808ECE2A24FEC900D1D011 /* MainButtonTableViewCell.swift in Sources */,
				8A808F1C2A261BEA00D1D011 /* FavoriteImagesPresenter.swift in Sources */,
				8A808EF82A25350200D1D011 /* GenerateImageRequestProcessor.swift in Sources */,
				8A808ED02A2500C000D1D011 /* UITableViewCell+ReuseID.swift in Sources */,
				8A808EC02A24F05B00D1D011 /* UIView+Extension.swift in Sources */,
				8A808EB42A24E9E000D1D011 /* ImageGenerationPresenter.swift in Sources */,
				8A808E812A24E6D700D1D011 /* ImageGenerationViewController.swift in Sources */,
				8A808EE62A251F6300D1D011 /* TableCellModel.swift in Sources */,
				8A808F242A26211800D1D011 /* GeneratedImage+CoreDataClass.swift in Sources */,
				8A808F142A261B4B00D1D011 /* FavoriteImagesAssembly.swift in Sources */,
				8A808EC32A24F0AC00D1D011 /* Colors.swift in Sources */,
				8A808EB62A24EE0A00D1D011 /* ImageGenerationView.swift in Sources */,
				8A808F362A264E8800D1D011 /* CustomTabbar.swift in Sources */,
				8A808ED32A25079900D1D011 /* ConfigurableItem.swift in Sources */,
				8A808EF12A252E6600D1D011 /* ImageTableViewCell.swift in Sources */,
				8A808F252A26211800D1D011 /* GeneratedImage+CoreDataProperties.swift in Sources */,
				8A808E872A24E6D700D1D011 /* image_generator.xcdatamodeld in Sources */,
				8A808F022A254D0400D1D011 /* ImageGenerationService.swift in Sources */,
				8A808EF52A2533EC00D1D011 /* Request.swift in Sources */,
				8A808F182A261BDD00D1D011 /* FavoriteImagesView.swift in Sources */,
				8A808EDB2A250B3500D1D011 /* ImageGenerationCoordinator.swift in Sources */,
				8A808F1A2A261BE200D1D011 /* FavoriteImagesViewController.swift in Sources */,
				8A808E7D2A24E6D700D1D011 /* AppDelegate.swift in Sources */,
				8A808EF32A2533CA00D1D011 /* ImageGenerationRequest.swift in Sources */,
				8A808F0C2A2617BC00D1D011 /* GeneratedImageModel.swift in Sources */,
				8A808EFA2A25356A00D1D011 /* NetworkError.swift in Sources */,
				8A808F122A261B0F00D1D011 /* FavoriteImagesCoordinator.swift in Sources */,
				8A808F2C2A263D4800D1D011 /* LocalStorageError.swift in Sources */,
				8A808EEA2A25204C00D1D011 /* TableViewCell.swift in Sources */,
				8A808ED92A250A8800D1D011 /* ImageGenerationAssembly.swift in Sources */,
			);
			runOnlyForDeploymentPostprocessing = 0;
		};
		8A808E8E2A24E6D800D1D011 /* Sources */ = {
			isa = PBXSourcesBuildPhase;
			buildActionMask = 2147483647;
			files = (
				8A808F402A2692EF00D1D011 /* GeneratedImagesServiceMock.swift in Sources */,
				8A808F3E2A26927F00D1D011 /* FavoritePresenterTests.swift in Sources */,
				8A808F3C2A268EC200D1D011 /* FavoriteImagesControllerMock.swift in Sources */,
			);
			runOnlyForDeploymentPostprocessing = 0;
		};
		8A808E982A24E6D800D1D011 /* Sources */ = {
			isa = PBXSourcesBuildPhase;
			buildActionMask = 2147483647;
			files = (
				8A808F432A26A69900D1D011 /* MainButtonTableViewCellUITests.swift in Sources */,
			);
			runOnlyForDeploymentPostprocessing = 0;
		};
/* End PBXSourcesBuildPhase section */

/* Begin PBXTargetDependency section */
		8A808E942A24E6D800D1D011 /* PBXTargetDependency */ = {
			isa = PBXTargetDependency;
			target = 8A808E782A24E6D700D1D011 /* image-generator */;
			targetProxy = 8A808E932A24E6D800D1D011 /* PBXContainerItemProxy */;
		};
		8A808E9E2A24E6D800D1D011 /* PBXTargetDependency */ = {
			isa = PBXTargetDependency;
			target = 8A808E782A24E6D700D1D011 /* image-generator */;
			targetProxy = 8A808E9D2A24E6D800D1D011 /* PBXContainerItemProxy */;
		};
/* End PBXTargetDependency section */

/* Begin PBXVariantGroup section */
		8A808E8A2A24E6D800D1D011 /* LaunchScreen.storyboard */ = {
			isa = PBXVariantGroup;
			children = (
				8A808E8B2A24E6D800D1D011 /* Base */,
			);
			name = LaunchScreen.storyboard;
			sourceTree = "<group>";
		};
/* End PBXVariantGroup section */

/* Begin XCBuildConfiguration section */
		8A808EA42A24E6D800D1D011 /* Debug */ = {
			isa = XCBuildConfiguration;
			buildSettings = {
				ALWAYS_SEARCH_USER_PATHS = NO;
				CLANG_ANALYZER_NONNULL = YES;
				CLANG_ANALYZER_NUMBER_OBJECT_CONVERSION = YES_AGGRESSIVE;
				CLANG_CXX_LANGUAGE_STANDARD = "gnu++20";
				CLANG_ENABLE_MODULES = YES;
				CLANG_ENABLE_OBJC_ARC = YES;
				CLANG_ENABLE_OBJC_WEAK = YES;
				CLANG_WARN_BLOCK_CAPTURE_AUTORELEASING = YES;
				CLANG_WARN_BOOL_CONVERSION = YES;
				CLANG_WARN_COMMA = YES;
				CLANG_WARN_CONSTANT_CONVERSION = YES;
				CLANG_WARN_DEPRECATED_OBJC_IMPLEMENTATIONS = YES;
				CLANG_WARN_DIRECT_OBJC_ISA_USAGE = YES_ERROR;
				CLANG_WARN_DOCUMENTATION_COMMENTS = YES;
				CLANG_WARN_EMPTY_BODY = YES;
				CLANG_WARN_ENUM_CONVERSION = YES;
				CLANG_WARN_INFINITE_RECURSION = YES;
				CLANG_WARN_INT_CONVERSION = YES;
				CLANG_WARN_NON_LITERAL_NULL_CONVERSION = YES;
				CLANG_WARN_OBJC_IMPLICIT_RETAIN_SELF = YES;
				CLANG_WARN_OBJC_LITERAL_CONVERSION = YES;
				CLANG_WARN_OBJC_ROOT_CLASS = YES_ERROR;
				CLANG_WARN_QUOTED_INCLUDE_IN_FRAMEWORK_HEADER = YES;
				CLANG_WARN_RANGE_LOOP_ANALYSIS = YES;
				CLANG_WARN_STRICT_PROTOTYPES = YES;
				CLANG_WARN_SUSPICIOUS_MOVE = YES;
				CLANG_WARN_UNGUARDED_AVAILABILITY = YES_AGGRESSIVE;
				CLANG_WARN_UNREACHABLE_CODE = YES;
				CLANG_WARN__DUPLICATE_METHOD_MATCH = YES;
				COPY_PHASE_STRIP = NO;
				DEBUG_INFORMATION_FORMAT = dwarf;
				ENABLE_STRICT_OBJC_MSGSEND = YES;
				ENABLE_TESTABILITY = YES;
				GCC_C_LANGUAGE_STANDARD = gnu11;
				GCC_DYNAMIC_NO_PIC = NO;
				GCC_NO_COMMON_BLOCKS = YES;
				GCC_OPTIMIZATION_LEVEL = 0;
				GCC_PREPROCESSOR_DEFINITIONS = (
					"DEBUG=1",
					"$(inherited)",
				);
				GCC_WARN_64_TO_32_BIT_CONVERSION = YES;
				GCC_WARN_ABOUT_RETURN_TYPE = YES_ERROR;
				GCC_WARN_UNDECLARED_SELECTOR = YES;
				GCC_WARN_UNINITIALIZED_AUTOS = YES_AGGRESSIVE;
				GCC_WARN_UNUSED_FUNCTION = YES;
				GCC_WARN_UNUSED_VARIABLE = YES;
				IPHONEOS_DEPLOYMENT_TARGET = 12.0;
				MTL_ENABLE_DEBUG_INFO = INCLUDE_SOURCE;
				MTL_FAST_MATH = YES;
				ONLY_ACTIVE_ARCH = YES;
				SDKROOT = iphoneos;
				SWIFT_ACTIVE_COMPILATION_CONDITIONS = DEBUG;
				SWIFT_OPTIMIZATION_LEVEL = "-Onone";
			};
			name = Debug;
		};
		8A808EA52A24E6D800D1D011 /* Release */ = {
			isa = XCBuildConfiguration;
			buildSettings = {
				ALWAYS_SEARCH_USER_PATHS = NO;
				CLANG_ANALYZER_NONNULL = YES;
				CLANG_ANALYZER_NUMBER_OBJECT_CONVERSION = YES_AGGRESSIVE;
				CLANG_CXX_LANGUAGE_STANDARD = "gnu++20";
				CLANG_ENABLE_MODULES = YES;
				CLANG_ENABLE_OBJC_ARC = YES;
				CLANG_ENABLE_OBJC_WEAK = YES;
				CLANG_WARN_BLOCK_CAPTURE_AUTORELEASING = YES;
				CLANG_WARN_BOOL_CONVERSION = YES;
				CLANG_WARN_COMMA = YES;
				CLANG_WARN_CONSTANT_CONVERSION = YES;
				CLANG_WARN_DEPRECATED_OBJC_IMPLEMENTATIONS = YES;
				CLANG_WARN_DIRECT_OBJC_ISA_USAGE = YES_ERROR;
				CLANG_WARN_DOCUMENTATION_COMMENTS = YES;
				CLANG_WARN_EMPTY_BODY = YES;
				CLANG_WARN_ENUM_CONVERSION = YES;
				CLANG_WARN_INFINITE_RECURSION = YES;
				CLANG_WARN_INT_CONVERSION = YES;
				CLANG_WARN_NON_LITERAL_NULL_CONVERSION = YES;
				CLANG_WARN_OBJC_IMPLICIT_RETAIN_SELF = YES;
				CLANG_WARN_OBJC_LITERAL_CONVERSION = YES;
				CLANG_WARN_OBJC_ROOT_CLASS = YES_ERROR;
				CLANG_WARN_QUOTED_INCLUDE_IN_FRAMEWORK_HEADER = YES;
				CLANG_WARN_RANGE_LOOP_ANALYSIS = YES;
				CLANG_WARN_STRICT_PROTOTYPES = YES;
				CLANG_WARN_SUSPICIOUS_MOVE = YES;
				CLANG_WARN_UNGUARDED_AVAILABILITY = YES_AGGRESSIVE;
				CLANG_WARN_UNREACHABLE_CODE = YES;
				CLANG_WARN__DUPLICATE_METHOD_MATCH = YES;
				COPY_PHASE_STRIP = NO;
				DEBUG_INFORMATION_FORMAT = "dwarf-with-dsym";
				ENABLE_NS_ASSERTIONS = NO;
				ENABLE_STRICT_OBJC_MSGSEND = YES;
				GCC_C_LANGUAGE_STANDARD = gnu11;
				GCC_NO_COMMON_BLOCKS = YES;
				GCC_WARN_64_TO_32_BIT_CONVERSION = YES;
				GCC_WARN_ABOUT_RETURN_TYPE = YES_ERROR;
				GCC_WARN_UNDECLARED_SELECTOR = YES;
				GCC_WARN_UNINITIALIZED_AUTOS = YES_AGGRESSIVE;
				GCC_WARN_UNUSED_FUNCTION = YES;
				GCC_WARN_UNUSED_VARIABLE = YES;
				IPHONEOS_DEPLOYMENT_TARGET = 12.0;
				MTL_ENABLE_DEBUG_INFO = NO;
				MTL_FAST_MATH = YES;
				SDKROOT = iphoneos;
				SWIFT_COMPILATION_MODE = wholemodule;
				SWIFT_OPTIMIZATION_LEVEL = "-O";
				VALIDATE_PRODUCT = YES;
			};
			name = Release;
		};
		8A808EA72A24E6D800D1D011 /* Debug */ = {
			isa = XCBuildConfiguration;
			buildSettings = {
				ASSETCATALOG_COMPILER_APPICON_NAME = AppIcon;
				ASSETCATALOG_COMPILER_GLOBAL_ACCENT_COLOR_NAME = AccentColor;
				CODE_SIGN_STYLE = Automatic;
				CURRENT_PROJECT_VERSION = 1;
				DEVELOPMENT_TEAM = 6C4272876R;
				GENERATE_INFOPLIST_FILE = YES;
				INFOPLIST_FILE = "image-generator/Info.plist";
				INFOPLIST_KEY_UIApplicationSupportsIndirectInputEvents = YES;
				INFOPLIST_KEY_UILaunchStoryboardName = LaunchScreen;
				INFOPLIST_KEY_UISupportedInterfaceOrientations = "UIInterfaceOrientationPortrait UIInterfaceOrientationPortraitUpsideDown";
				LD_RUNPATH_SEARCH_PATHS = (
					"$(inherited)",
					"@executable_path/Frameworks",
				);
				MARKETING_VERSION = 1.0;
				PRODUCT_BUNDLE_IDENTIFIER = "org.image-generator";
				PRODUCT_NAME = "$(TARGET_NAME)";
				SWIFT_EMIT_LOC_STRINGS = YES;
				SWIFT_VERSION = 5.0;
				TARGETED_DEVICE_FAMILY = "1,2";
			};
			name = Debug;
		};
		8A808EA82A24E6D800D1D011 /* Release */ = {
			isa = XCBuildConfiguration;
			buildSettings = {
				ASSETCATALOG_COMPILER_APPICON_NAME = AppIcon;
				ASSETCATALOG_COMPILER_GLOBAL_ACCENT_COLOR_NAME = AccentColor;
				CODE_SIGN_STYLE = Automatic;
				CURRENT_PROJECT_VERSION = 1;
				DEVELOPMENT_TEAM = 6C4272876R;
				GENERATE_INFOPLIST_FILE = YES;
				INFOPLIST_FILE = "image-generator/Info.plist";
				INFOPLIST_KEY_UIApplicationSupportsIndirectInputEvents = YES;
				INFOPLIST_KEY_UILaunchStoryboardName = LaunchScreen;
				INFOPLIST_KEY_UISupportedInterfaceOrientations = "UIInterfaceOrientationPortrait UIInterfaceOrientationPortraitUpsideDown";
				LD_RUNPATH_SEARCH_PATHS = (
					"$(inherited)",
					"@executable_path/Frameworks",
				);
				MARKETING_VERSION = 1.0;
				PRODUCT_BUNDLE_IDENTIFIER = "org.image-generator";
				PRODUCT_NAME = "$(TARGET_NAME)";
				SWIFT_EMIT_LOC_STRINGS = YES;
				SWIFT_VERSION = 5.0;
				TARGETED_DEVICE_FAMILY = "1,2";
			};
			name = Release;
		};
		8A808EAA2A24E6D800D1D011 /* Debug */ = {
			isa = XCBuildConfiguration;
			buildSettings = {
				ALWAYS_EMBED_SWIFT_STANDARD_LIBRARIES = YES;
				BUNDLE_LOADER = "$(TEST_HOST)";
				CODE_SIGN_STYLE = Automatic;
				CURRENT_PROJECT_VERSION = 1;
				DEVELOPMENT_TEAM = 6C4272876R;
				GENERATE_INFOPLIST_FILE = YES;
				IPHONEOS_DEPLOYMENT_TARGET = 16.1;
				MARKETING_VERSION = 1.0;
				PRODUCT_BUNDLE_IDENTIFIER = "org.image-generatorTests";
				PRODUCT_NAME = "$(TARGET_NAME)";
				SWIFT_EMIT_LOC_STRINGS = NO;
				SWIFT_VERSION = 5.0;
				TARGETED_DEVICE_FAMILY = "1,2";
				TEST_HOST = "$(BUILT_PRODUCTS_DIR)/image-generator.app/$(BUNDLE_EXECUTABLE_FOLDER_PATH)/image-generator";
			};
			name = Debug;
		};
		8A808EAB2A24E6D800D1D011 /* Release */ = {
			isa = XCBuildConfiguration;
			buildSettings = {
				ALWAYS_EMBED_SWIFT_STANDARD_LIBRARIES = YES;
				BUNDLE_LOADER = "$(TEST_HOST)";
				CODE_SIGN_STYLE = Automatic;
				CURRENT_PROJECT_VERSION = 1;
				DEVELOPMENT_TEAM = 6C4272876R;
				GENERATE_INFOPLIST_FILE = YES;
				IPHONEOS_DEPLOYMENT_TARGET = 16.1;
				MARKETING_VERSION = 1.0;
				PRODUCT_BUNDLE_IDENTIFIER = "org.image-generatorTests";
				PRODUCT_NAME = "$(TARGET_NAME)";
				SWIFT_EMIT_LOC_STRINGS = NO;
				SWIFT_VERSION = 5.0;
				TARGETED_DEVICE_FAMILY = "1,2";
				TEST_HOST = "$(BUILT_PRODUCTS_DIR)/image-generator.app/$(BUNDLE_EXECUTABLE_FOLDER_PATH)/image-generator";
			};
			name = Release;
		};
		8A808EAD2A24E6D800D1D011 /* Debug */ = {
			isa = XCBuildConfiguration;
			buildSettings = {
				ALWAYS_EMBED_SWIFT_STANDARD_LIBRARIES = YES;
				CLANG_ENABLE_MODULES = YES;
				CODE_SIGN_STYLE = Automatic;
				CURRENT_PROJECT_VERSION = 1;
				DEVELOPMENT_TEAM = 6C4272876R;
				GENERATE_INFOPLIST_FILE = YES;
				LD_RUNPATH_SEARCH_PATHS = (
					"$(inherited)",
					"@executable_path/Frameworks",
					"@loader_path/Frameworks",
				);
				MARKETING_VERSION = 1.0;
				PRODUCT_BUNDLE_IDENTIFIER = "org.image-generatorUITests";
				PRODUCT_NAME = "$(TARGET_NAME)";
				SWIFT_EMIT_LOC_STRINGS = NO;
				SWIFT_OBJC_BRIDGING_HEADER = "image-generatorUITests/image-generatorUITests-Bridging-Header.h";
				SWIFT_OPTIMIZATION_LEVEL = "-Onone";
				SWIFT_VERSION = 5.0;
				TARGETED_DEVICE_FAMILY = "1,2";
				TEST_TARGET_NAME = "image-generator";
			};
			name = Debug;
		};
		8A808EAE2A24E6D800D1D011 /* Release */ = {
			isa = XCBuildConfiguration;
			buildSettings = {
				ALWAYS_EMBED_SWIFT_STANDARD_LIBRARIES = YES;
				CLANG_ENABLE_MODULES = YES;
				CODE_SIGN_STYLE = Automatic;
				CURRENT_PROJECT_VERSION = 1;
				DEVELOPMENT_TEAM = 6C4272876R;
				GENERATE_INFOPLIST_FILE = YES;
				LD_RUNPATH_SEARCH_PATHS = (
					"$(inherited)",
					"@executable_path/Frameworks",
					"@loader_path/Frameworks",
				);
				MARKETING_VERSION = 1.0;
				PRODUCT_BUNDLE_IDENTIFIER = "org.image-generatorUITests";
				PRODUCT_NAME = "$(TARGET_NAME)";
				SWIFT_EMIT_LOC_STRINGS = NO;
				SWIFT_OBJC_BRIDGING_HEADER = "image-generatorUITests/image-generatorUITests-Bridging-Header.h";
				SWIFT_VERSION = 5.0;
				TARGETED_DEVICE_FAMILY = "1,2";
				TEST_TARGET_NAME = "image-generator";
			};
			name = Release;
		};
/* End XCBuildConfiguration section */

/* Begin XCConfigurationList section */
		8A808E742A24E6D700D1D011 /* Build configuration list for PBXProject "image-generator" */ = {
			isa = XCConfigurationList;
			buildConfigurations = (
				8A808EA42A24E6D800D1D011 /* Debug */,
				8A808EA52A24E6D800D1D011 /* Release */,
			);
			defaultConfigurationIsVisible = 0;
			defaultConfigurationName = Release;
		};
		8A808EA62A24E6D800D1D011 /* Build configuration list for PBXNativeTarget "image-generator" */ = {
			isa = XCConfigurationList;
			buildConfigurations = (
				8A808EA72A24E6D800D1D011 /* Debug */,
				8A808EA82A24E6D800D1D011 /* Release */,
			);
			defaultConfigurationIsVisible = 0;
			defaultConfigurationName = Release;
		};
		8A808EA92A24E6D800D1D011 /* Build configuration list for PBXNativeTarget "image-generatorTests" */ = {
			isa = XCConfigurationList;
			buildConfigurations = (
				8A808EAA2A24E6D800D1D011 /* Debug */,
				8A808EAB2A24E6D800D1D011 /* Release */,
			);
			defaultConfigurationIsVisible = 0;
			defaultConfigurationName = Release;
		};
		8A808EAC2A24E6D800D1D011 /* Build configuration list for PBXNativeTarget "image-generatorUITests" */ = {
			isa = XCConfigurationList;
			buildConfigurations = (
				8A808EAD2A24E6D800D1D011 /* Debug */,
				8A808EAE2A24E6D800D1D011 /* Release */,
			);
			defaultConfigurationIsVisible = 0;
			defaultConfigurationName = Release;
		};
/* End XCConfigurationList section */

/* Begin XCVersionGroup section */
		8A808E852A24E6D700D1D011 /* image_generator.xcdatamodeld */ = {
			isa = XCVersionGroup;
			children = (
				8A808E862A24E6D700D1D011 /* image_generator.xcdatamodel */,
			);
			currentVersion = 8A808E862A24E6D700D1D011 /* image_generator.xcdatamodel */;
			path = image_generator.xcdatamodeld;
			sourceTree = "<group>";
			versionGroupType = wrapper.xcdatamodel;
		};
/* End XCVersionGroup section */
	};
	rootObject = 8A808E712A24E6D700D1D011 /* Project object */;
}
